
Microsoft Visual Studio Solution File, Format Version 12.00
# Visual Studio Version 17
VisualStudioVersion = 17.2.32526.322
MinimumVisualStudioVersion = 10.0.40219.1
Project("{2150E333-8FDC-42A3-9474-1A3956D46DE8}") = "01 - Pilares POO", "01 - Pilares POO", "{B09198AB-2131-466B-8B95-CAE90FB133E8}"
EndProject
Project("{9A19103F-16F7-4668-BE54-9A1E7A4F7556}") = "POO", "POO\POO.csproj", "{04144159-A5FE-40FD-9501-BB785C55F2A9}"
EndProject
Project("{2150E333-8FDC-42A3-9474-1A3956D46DE8}") = "02 - SOLID", "02 - SOLID", "{E38772F2-F8E2-4754-9B79-F7D6A46E98E8}"
EndProject
Project("{9A19103F-16F7-4668-BE54-9A1E7A4F7556}") = "SOLID", "SOLID\SOLID.csproj", "{A7D32889-56EA-4DD4-9CF4-20BF55C7B125}"
EndProject
Project("{2150E333-8FDC-42A3-9474-1A3956D46DE8}") = "03 - Design Patterns", "03 - Design Patterns", "{74BD577A-B4EF-482B-8363-91D969B673DF}"
EndProject
Project("{9A19103F-16F7-4668-BE54-9A1E7A4F7556}") = "DesignPatterns", "Design Patterns\DesignPatterns.csproj", "{A39017FA-8A3E-4395-8ED4-EB029BB34BE4}"
EndProject
Global
	GlobalSection(SolutionConfigurationPlatforms) = preSolution
		Debug|Any CPU = Debug|Any CPU
		Release|Any CPU = Release|Any CPU
	EndGlobalSection
	GlobalSection(ProjectConfigurationPlatforms) = postSolution
		{04144159-A5FE-40FD-9501-BB785C55F2A9}.Debug|Any CPU.ActiveCfg = Debug|Any CPU
		{04144159-A5FE-40FD-9501-BB785C55F2A9}.Debug|Any CPU.Build.0 = Debug|Any CPU
		{04144159-A5FE-40FD-9501-BB785C55F2A9}.Release|Any CPU.ActiveCfg = Release|Any CPU
		{04144159-A5FE-40FD-9501-BB785C55F2A9}.Release|Any CPU.Build.0 = Release|Any CPU
		{A7D32889-56EA-4DD4-9CF4-20BF55C7B125}.Debug|Any CPU.ActiveCfg = Debug|Any CPU
		{A7D32889-56EA-4DD4-9CF4-20BF55C7B125}.Debug|Any CPU.Build.0 = Debug|Any CPU
		{A7D32889-56EA-4DD4-9CF4-20BF55C7B125}.Release|Any CPU.ActiveCfg = Release|Any CPU
		{A7D32889-56EA-4DD4-9CF4-20BF55C7B125}.Release|Any CPU.Build.0 = Release|Any CPU
		{A39017FA-8A3E-4395-8ED4-EB029BB34BE4}.Debug|Any CPU.ActiveCfg = Debug|Any CPU
		{A39017FA-8A3E-4395-8ED4-EB029BB34BE4}.Debug|Any CPU.Build.0 = Debug|Any CPU
		{A39017FA-8A3E-4395-8ED4-EB029BB34BE4}.Release|Any CPU.ActiveCfg = Release|Any CPU
		{A39017FA-8A3E-4395-8ED4-EB029BB34BE4}.Release|Any CPU.Build.0 = Release|Any CPU
	EndGlobalSection
	GlobalSection(SolutionProperties) = preSolution
		HideSolutionNode = FALSE
	EndGlobalSection
	GlobalSection(NestedProjects) = preSolution
		{04144159-A5FE-40FD-9501-BB785C55F2A9} = {B09198AB-2131-466B-8B95-CAE90FB133E8}
		{A7D32889-56EA-4DD4-9CF4-20BF55C7B125} = {E38772F2-F8E2-4754-9B79-F7D6A46E98E8}
		{A39017FA-8A3E-4395-8ED4-EB029BB34BE4} = {74BD577A-B4EF-482B-8363-91D969B673DF}
	EndGlobalSection
	GlobalSection(ExtensibilityGlobals) = postSolution
		SolutionGuid = {C2D0BCB5-214A-4F2E-AF3B-5CEC28A70CC6}
	EndGlobalSection
EndGlobal
